// !$*UTF8*$!
{
	archiveVersion = 1;
	classes = {
	};
	objectVersion = 48;
	objects = {

/* Begin PBXBuildFile section */
		9408C9CB220623F7005901C8 /* HealthKitData.swift in Sources */ = {isa = PBXBuildFile; fileRef = 9408C9CA220623F7005901C8 /* HealthKitData.swift */; };
		9408C9CD22062423005901C8 /* CategoryData.swift in Sources */ = {isa = PBXBuildFile; fileRef = 9408C9CC22062423005901C8 /* CategoryData.swift */; };
		9408C9CF22062443005901C8 /* SampleData.swift in Sources */ = {isa = PBXBuildFile; fileRef = 9408C9CE22062443005901C8 /* SampleData.swift */; };
		9408C9D12206248B005901C8 /* WorkoutData.swift in Sources */ = {isa = PBXBuildFile; fileRef = 9408C9D02206248B005901C8 /* WorkoutData.swift */; };
		9408C9D322066EB4005901C8 /* HealthKitWorkouts.swift in Sources */ = {isa = PBXBuildFile; fileRef = 9408C9D222066EB4005901C8 /* HealthKitWorkouts.swift */; };
		941CB0EB2194815F002CD157 /* Logger.swift in Sources */ = {isa = PBXBuildFile; fileRef = 941CB0EA2194815F002CD157 /* Logger.swift */; };
		941CB0ED219778E8002CD157 /* HealthKitAnchor.swift in Sources */ = {isa = PBXBuildFile; fileRef = 941CB0EC219778E8002CD157 /* HealthKitAnchor.swift */; };
		941CB0EF219A6F62002CD157 /* HealthKitFetchAllContainer.swift in Sources */ = {isa = PBXBuildFile; fileRef = 941CB0EE219A6F62002CD157 /* HealthKitFetchAllContainer.swift */; };
		94303D6721E6CEC700041ABF /* HealthKitTokens.swift in Sources */ = {isa = PBXBuildFile; fileRef = 94303D6621E6CEC700041ABF /* HealthKitTokens.swift */; };
		94303D6921E6EDFE00041ABF /* HealthKitUploadOperation.swift in Sources */ = {isa = PBXBuildFile; fileRef = 94303D6821E6EDFE00041ABF /* HealthKitUploadOperation.swift */; };
		94303D6F21EC0D2300041ABF /* HealthKitRefreshTokenResponse.swift in Sources */ = {isa = PBXBuildFile; fileRef = 94303D6E21EC0D2300041ABF /* HealthKitRefreshTokenResponse.swift */; };
		94303D7221F0201200041ABF /* HealthKitItem.swift in Sources */ = {isa = PBXBuildFile; fileRef = 94303D7121F0201200041ABF /* HealthKitItem.swift */; };
		9432D14E1FD1E3FE00A2B98A /* ScriptMessage.swift in Sources */ = {isa = PBXBuildFile; fileRef = 9432D14D1FD1E3FE00A2B98A /* ScriptMessage.swift */; };
		943677551F96D58F00840058 /* SettingsService.swift in Sources */ = {isa = PBXBuildFile; fileRef = 943677541F96D58F00840058 /* SettingsService.swift */; };
		943B94FC201785EC00C3722A /* DeepLinkService.swift in Sources */ = {isa = PBXBuildFile; fileRef = 943B94FB201785EC00C3722A /* DeepLinkService.swift */; };
		946B9B8A1FE2408000296DC7 /* PivotAPI.swift in Sources */ = {isa = PBXBuildFile; fileRef = 946B9B891FE2408000296DC7 /* PivotAPI.swift */; };
		946B9B8C1FE2424800296DC7 /* PivotAPIError.swift in Sources */ = {isa = PBXBuildFile; fileRef = 946B9B8B1FE2424800296DC7 /* PivotAPIError.swift */; };
		946B9B8E1FE245CF00296DC7 /* PivotAPI+RequestData.swift in Sources */ = {isa = PBXBuildFile; fileRef = 946B9B8D1FE245CF00296DC7 /* PivotAPI+RequestData.swift */; };
		946B9B901FE247FC00296DC7 /* Util.swift in Sources */ = {isa = PBXBuildFile; fileRef = 946B9B8F1FE247FC00296DC7 /* Util.swift */; };
		949015A0219A79F500B80E99 /* HealthKitRequest.swift in Sources */ = {isa = PBXBuildFile; fileRef = 9490159F219A79F500B80E99 /* HealthKitRequest.swift */; };
		9495DBB620260EFD00951BF9 /* HealthKitService.swift in Sources */ = {isa = PBXBuildFile; fileRef = 9495DBB520260EFD00951BF9 /* HealthKitService.swift */; };
		94D563731F85B99900C2C72D /* AppDelegate.swift in Sources */ = {isa = PBXBuildFile; fileRef = 94D563721F85B99900C2C72D /* AppDelegate.swift */; };
		94D563751F85B99A00C2C72D /* ViewController.swift in Sources */ = {isa = PBXBuildFile; fileRef = 94D563741F85B99A00C2C72D /* ViewController.swift */; };
		94D563781F85B99A00C2C72D /* Main.storyboard in Resources */ = {isa = PBXBuildFile; fileRef = 94D563761F85B99A00C2C72D /* Main.storyboard */; };
		94D5637A1F85B99A00C2C72D /* Assets.xcassets in Resources */ = {isa = PBXBuildFile; fileRef = 94D563791F85B99A00C2C72D /* Assets.xcassets */; };
		94D5637D1F85B99A00C2C72D /* LaunchScreen.storyboard in Resources */ = {isa = PBXBuildFile; fileRef = 94D5637B1F85B99A00C2C72D /* LaunchScreen.storyboard */; };
		94DCE1401F942B27007B76CD /* HockeySDKResources.bundle in Resources */ = {isa = PBXBuildFile; fileRef = 94DCE13E1F942B26007B76CD /* HockeySDKResources.bundle */; };
		94DCE1411F942B27007B76CD /* HockeySDK.framework in Frameworks */ = {isa = PBXBuildFile; fileRef = 94DCE13F1F942B27007B76CD /* HockeySDK.framework */; };
		94DCE1441F942C23007B76CD /* ApplicationService.swift in Sources */ = {isa = PBXBuildFile; fileRef = 94DCE1431F942C23007B76CD /* ApplicationService.swift */; };
		94DCE1461F942C5F007B76CD /* HockeyAppService.swift in Sources */ = {isa = PBXBuildFile; fileRef = 94DCE1451F942C5F007B76CD /* HockeyAppService.swift */; };
		94F68C67217D34F2005781B5 /* ViewController+FileDownload.swift in Sources */ = {isa = PBXBuildFile; fileRef = 94F68C66217D34F2005781B5 /* ViewController+FileDownload.swift */; };
		94F68C69217D356A005781B5 /* ViewController+WKDelegates.swift in Sources */ = {isa = PBXBuildFile; fileRef = 94F68C68217D356A005781B5 /* ViewController+WKDelegates.swift */; };
		94F9FF721FD8B2B10032B193 /* HealthKit.framework in Frameworks */ = {isa = PBXBuildFile; fileRef = 94F9FF711FD8B2B10032B193 /* HealthKit.framework */; };
		94F9FF7A1FD8D3820032B193 /* NotificationService.swift in Sources */ = {isa = PBXBuildFile; fileRef = 94F9FF791FD8D3820032B193 /* NotificationService.swift */; };
		94FDC6992011AA460050CA6B /* Constants.swift in Sources */ = {isa = PBXBuildFile; fileRef = 94FDC6982011AA460050CA6B /* Constants.swift */; };
/* End PBXBuildFile section */

/* Begin PBXFileReference section */
		9408C9CA220623F7005901C8 /* HealthKitData.swift */ = {isa = PBXFileReference; lastKnownFileType = sourcecode.swift; path = HealthKitData.swift; sourceTree = "<group>"; };
		9408C9CC22062423005901C8 /* CategoryData.swift */ = {isa = PBXFileReference; lastKnownFileType = sourcecode.swift; path = CategoryData.swift; sourceTree = "<group>"; };
		9408C9CE22062443005901C8 /* SampleData.swift */ = {isa = PBXFileReference; lastKnownFileType = sourcecode.swift; path = SampleData.swift; sourceTree = "<group>"; };
		9408C9D02206248B005901C8 /* WorkoutData.swift */ = {isa = PBXFileReference; lastKnownFileType = sourcecode.swift; path = WorkoutData.swift; sourceTree = "<group>"; };
		9408C9D222066EB4005901C8 /* HealthKitWorkouts.swift */ = {isa = PBXFileReference; lastKnownFileType = sourcecode.swift; path = HealthKitWorkouts.swift; sourceTree = "<group>"; };
		941CB0EA2194815F002CD157 /* Logger.swift */ = {isa = PBXFileReference; lastKnownFileType = sourcecode.swift; path = Logger.swift; sourceTree = "<group>"; };
		941CB0EC219778E8002CD157 /* HealthKitAnchor.swift */ = {isa = PBXFileReference; lastKnownFileType = sourcecode.swift; path = HealthKitAnchor.swift; sourceTree = "<group>"; };
		941CB0EE219A6F62002CD157 /* HealthKitFetchAllContainer.swift */ = {isa = PBXFileReference; lastKnownFileType = sourcecode.swift; path = HealthKitFetchAllContainer.swift; sourceTree = "<group>"; };
		9426658C211DBFBC008A310F /* Info.uat2.plist */ = {isa = PBXFileReference; fileEncoding = 4; lastKnownFileType = text.plist.xml; path = Info.uat2.plist; sourceTree = "<group>"; };
		94303D6621E6CEC700041ABF /* HealthKitTokens.swift */ = {isa = PBXFileReference; lastKnownFileType = sourcecode.swift; path = HealthKitTokens.swift; sourceTree = "<group>"; };
		94303D6821E6EDFE00041ABF /* HealthKitUploadOperation.swift */ = {isa = PBXFileReference; lastKnownFileType = sourcecode.swift; path = HealthKitUploadOperation.swift; sourceTree = "<group>"; };
		94303D6E21EC0D2300041ABF /* HealthKitRefreshTokenResponse.swift */ = {isa = PBXFileReference; lastKnownFileType = sourcecode.swift; path = HealthKitRefreshTokenResponse.swift; sourceTree = "<group>"; };
		94303D7121F0201200041ABF /* HealthKitItem.swift */ = {isa = PBXFileReference; lastKnownFileType = sourcecode.swift; path = HealthKitItem.swift; sourceTree = "<group>"; };
		9432D14D1FD1E3FE00A2B98A /* ScriptMessage.swift */ = {isa = PBXFileReference; lastKnownFileType = sourcecode.swift; path = ScriptMessage.swift; sourceTree = "<group>"; };
		943677391F96CE3300840058 /* Info.qa.plist */ = {isa = PBXFileReference; fileEncoding = 4; lastKnownFileType = text.plist.xml; path = Info.qa.plist; sourceTree = "<group>"; };
		9436773A1F96CE3300840058 /* Info.dev.plist */ = {isa = PBXFileReference; fileEncoding = 4; lastKnownFileType = text.plist.xml; path = Info.dev.plist; sourceTree = "<group>"; };
		943677541F96D58F00840058 /* SettingsService.swift */ = {isa = PBXFileReference; lastKnownFileType = sourcecode.swift; path = SettingsService.swift; sourceTree = "<group>"; };
		943B94FB201785EC00C3722A /* DeepLinkService.swift */ = {isa = PBXFileReference; lastKnownFileType = sourcecode.swift; path = DeepLinkService.swift; sourceTree = "<group>"; };
		9469035C200D3F7F00F4015B /* Settings.bundle */ = {isa = PBXFileReference; lastKnownFileType = "wrapper.plug-in"; path = Settings.bundle; sourceTree = "<group>"; };
		946B9B891FE2408000296DC7 /* PivotAPI.swift */ = {isa = PBXFileReference; lastKnownFileType = sourcecode.swift; path = PivotAPI.swift; sourceTree = "<group>"; };
		946B9B8B1FE2424800296DC7 /* PivotAPIError.swift */ = {isa = PBXFileReference; lastKnownFileType = sourcecode.swift; path = PivotAPIError.swift; sourceTree = "<group>"; };
		946B9B8D1FE245CF00296DC7 /* PivotAPI+RequestData.swift */ = {isa = PBXFileReference; lastKnownFileType = sourcecode.swift; path = "PivotAPI+RequestData.swift"; sourceTree = "<group>"; };
		946B9B8F1FE247FC00296DC7 /* Util.swift */ = {isa = PBXFileReference; lastKnownFileType = sourcecode.swift; path = Util.swift; sourceTree = "<group>"; };
		9490159F219A79F500B80E99 /* HealthKitRequest.swift */ = {isa = PBXFileReference; lastKnownFileType = sourcecode.swift; path = HealthKitRequest.swift; sourceTree = "<group>"; };
		9495DBB520260EFD00951BF9 /* HealthKitService.swift */ = {isa = PBXFileReference; lastKnownFileType = sourcecode.swift; path = HealthKitService.swift; sourceTree = "<group>"; };
		94D5636F1F85B99900C2C72D /* GoPivot.app */ = {isa = PBXFileReference; explicitFileType = wrapper.application; includeInIndex = 0; path = GoPivot.app; sourceTree = BUILT_PRODUCTS_DIR; };
		94D563721F85B99900C2C72D /* AppDelegate.swift */ = {isa = PBXFileReference; lastKnownFileType = sourcecode.swift; path = AppDelegate.swift; sourceTree = "<group>"; };
		94D563741F85B99A00C2C72D /* ViewController.swift */ = {isa = PBXFileReference; lastKnownFileType = sourcecode.swift; path = ViewController.swift; sourceTree = "<group>"; };
		94D563771F85B99A00C2C72D /* Base */ = {isa = PBXFileReference; lastKnownFileType = file.storyboard; name = Base; path = Base.lproj/Main.storyboard; sourceTree = "<group>"; };
		94D563791F85B99A00C2C72D /* Assets.xcassets */ = {isa = PBXFileReference; lastKnownFileType = folder.assetcatalog; path = Assets.xcassets; sourceTree = "<group>"; };
		94D5637C1F85B99A00C2C72D /* Base */ = {isa = PBXFileReference; lastKnownFileType = file.storyboard; name = Base; path = Base.lproj/LaunchScreen.storyboard; sourceTree = "<group>"; };
		94D5637E1F85B99A00C2C72D /* Info.plist */ = {isa = PBXFileReference; lastKnownFileType = text.plist.xml; path = Info.plist; sourceTree = "<group>"; };
		94DCE13E1F942B26007B76CD /* HockeySDKResources.bundle */ = {isa = PBXFileReference; lastKnownFileType = "wrapper.plug-in"; path = HockeySDKResources.bundle; sourceTree = "<group>"; };
		94DCE13F1F942B27007B76CD /* HockeySDK.framework */ = {isa = PBXFileReference; lastKnownFileType = wrapper.framework; path = HockeySDK.framework; sourceTree = "<group>"; };
		94DCE1431F942C23007B76CD /* ApplicationService.swift */ = {isa = PBXFileReference; lastKnownFileType = sourcecode.swift; path = ApplicationService.swift; sourceTree = "<group>"; };
		94DCE1451F942C5F007B76CD /* HockeyAppService.swift */ = {isa = PBXFileReference; lastKnownFileType = sourcecode.swift; path = HockeyAppService.swift; sourceTree = "<group>"; };
		94F68C66217D34F2005781B5 /* ViewController+FileDownload.swift */ = {isa = PBXFileReference; lastKnownFileType = sourcecode.swift; path = "ViewController+FileDownload.swift"; sourceTree = "<group>"; };
		94F68C68217D356A005781B5 /* ViewController+WKDelegates.swift */ = {isa = PBXFileReference; lastKnownFileType = sourcecode.swift; path = "ViewController+WKDelegates.swift"; sourceTree = "<group>"; };
		94F9FF6F1FD8B29A0032B193 /* Pivot.entitlements */ = {isa = PBXFileReference; lastKnownFileType = text.plist.entitlements; path = Pivot.entitlements; sourceTree = "<group>"; };
		94F9FF711FD8B2B10032B193 /* HealthKit.framework */ = {isa = PBXFileReference; lastKnownFileType = wrapper.framework; name = HealthKit.framework; path = System/Library/Frameworks/HealthKit.framework; sourceTree = SDKROOT; };
		94F9FF771FD8D2E10032B193 /* Info.uat.plist */ = {isa = PBXFileReference; fileEncoding = 4; lastKnownFileType = text.plist.xml; path = Info.uat.plist; sourceTree = "<group>"; };
		94F9FF791FD8D3820032B193 /* NotificationService.swift */ = {isa = PBXFileReference; lastKnownFileType = sourcecode.swift; path = NotificationService.swift; sourceTree = "<group>"; };
		94FDC6982011AA460050CA6B /* Constants.swift */ = {isa = PBXFileReference; lastKnownFileType = sourcecode.swift; path = Constants.swift; sourceTree = "<group>"; };
/* End PBXFileReference section */

/* Begin PBXFrameworksBuildPhase section */
		94D5636C1F85B99900C2C72D /* Frameworks */ = {
			isa = PBXFrameworksBuildPhase;
			buildActionMask = 2147483647;
			files = (
				94DCE1411F942B27007B76CD /* HockeySDK.framework in Frameworks */,
				94F9FF721FD8B2B10032B193 /* HealthKit.framework in Frameworks */,
			);
			runOnlyForDeploymentPostprocessing = 0;
		};
/* End PBXFrameworksBuildPhase section */

/* Begin PBXGroup section */
		9408C9C9220623E1005901C8 /* Health Kit Data */ = {
			isa = PBXGroup;
			children = (
				9408C9CA220623F7005901C8 /* HealthKitData.swift */,
				9408C9CC22062423005901C8 /* CategoryData.swift */,
				9408C9CE22062443005901C8 /* SampleData.swift */,
				9408C9D02206248B005901C8 /* WorkoutData.swift */,
			);
			path = "Health Kit Data";
			sourceTree = "<group>";
		};
		941CB0E921947820002CD157 /* HealthKit */ = {
			isa = PBXGroup;
			children = (
				941CB0EC219778E8002CD157 /* HealthKitAnchor.swift */,
				941CB0EE219A6F62002CD157 /* HealthKitFetchAllContainer.swift */,
				94303D6821E6EDFE00041ABF /* HealthKitUploadOperation.swift */,
				94303D7121F0201200041ABF /* HealthKitItem.swift */,
				9408C9D222066EB4005901C8 /* HealthKitWorkouts.swift */,
			);
			path = HealthKit;
			sourceTree = "<group>";
		};
		94303D6521E6CEA800041ABF /* ScriptMessages */ = {
			isa = PBXGroup;
			children = (
				9432D14D1FD1E3FE00A2B98A /* ScriptMessage.swift */,
				94303D6621E6CEC700041ABF /* HealthKitTokens.swift */,
			);
			path = ScriptMessages;
			sourceTree = "<group>";
		};
		943677381F96CD2C00840058 /* res */ = {
			isa = PBXGroup;
			children = (
				9436773A1F96CE3300840058 /* Info.dev.plist */,
				943677391F96CE3300840058 /* Info.qa.plist */,
				94F9FF771FD8D2E10032B193 /* Info.uat.plist */,
				9426658C211DBFBC008A310F /* Info.uat2.plist */,
				94D5637E1F85B99A00C2C72D /* Info.plist */,
				9469035C200D3F7F00F4015B /* Settings.bundle */,
			);
			path = res;
			sourceTree = "<group>";
		};
		946B9B871FE23FD000296DC7 /* Storyboards */ = {
			isa = PBXGroup;
			children = (
				94D563761F85B99A00C2C72D /* Main.storyboard */,
				94D5637B1F85B99A00C2C72D /* LaunchScreen.storyboard */,
			);
			path = Storyboards;
			sourceTree = "<group>";
		};
		946B9B881FE2406600296DC7 /* API */ = {
			isa = PBXGroup;
			children = (
				9408C9C9220623E1005901C8 /* Health Kit Data */,
				946B9B891FE2408000296DC7 /* PivotAPI.swift */,
				946B9B8D1FE245CF00296DC7 /* PivotAPI+RequestData.swift */,
				946B9B8B1FE2424800296DC7 /* PivotAPIError.swift */,
				9490159F219A79F500B80E99 /* HealthKitRequest.swift */,
				94303D6E21EC0D2300041ABF /* HealthKitRefreshTokenResponse.swift */,
			);
			path = API;
			sourceTree = "<group>";
		};
		94D563661F85B99900C2C72D = {
			isa = PBXGroup;
			children = (
				94F9FF6F1FD8B29A0032B193 /* Pivot.entitlements */,
				94DCE13D1F942B10007B76CD /* lib */,
				94D563711F85B99900C2C72D /* Pivot App */,
				94D563701F85B99900C2C72D /* Products */,
				94F9FF701FD8B2B10032B193 /* Frameworks */,
			);
			sourceTree = "<group>";
		};
		94D563701F85B99900C2C72D /* Products */ = {
			isa = PBXGroup;
			children = (
				94D5636F1F85B99900C2C72D /* GoPivot.app */,
			);
			name = Products;
			sourceTree = "<group>";
		};
		94D563711F85B99900C2C72D /* Pivot App */ = {
			isa = PBXGroup;
			children = (
				94303D6521E6CEA800041ABF /* ScriptMessages */,
				941CB0E921947820002CD157 /* HealthKit */,
				94F68C65217D34CD005781B5 /* ViewController */,
				943677381F96CD2C00840058 /* res */,
				94DCE1421F942BF1007B76CD /* AppDelegate */,
				946B9B881FE2406600296DC7 /* API */,
				946B9B871FE23FD000296DC7 /* Storyboards */,
				941CB0EA2194815F002CD157 /* Logger.swift */,
				946B9B8F1FE247FC00296DC7 /* Util.swift */,
				94FDC6982011AA460050CA6B /* Constants.swift */,
				94D563791F85B99A00C2C72D /* Assets.xcassets */,
			);
			path = "Pivot App";
			sourceTree = "<group>";
		};
		94DCE13D1F942B10007B76CD /* lib */ = {
			isa = PBXGroup;
			children = (
				94DCE13F1F942B27007B76CD /* HockeySDK.framework */,
				94DCE13E1F942B26007B76CD /* HockeySDKResources.bundle */,
			);
			path = lib;
			sourceTree = "<group>";
		};
		94DCE1421F942BF1007B76CD /* AppDelegate */ = {
			isa = PBXGroup;
			children = (
				94D563721F85B99900C2C72D /* AppDelegate.swift */,
				94DCE1431F942C23007B76CD /* ApplicationService.swift */,
				94DCE1451F942C5F007B76CD /* HockeyAppService.swift */,
				943677541F96D58F00840058 /* SettingsService.swift */,
				94F9FF791FD8D3820032B193 /* NotificationService.swift */,
				943B94FB201785EC00C3722A /* DeepLinkService.swift */,
				9495DBB520260EFD00951BF9 /* HealthKitService.swift */,
			);
			path = AppDelegate;
			sourceTree = "<group>";
		};
		94F68C65217D34CD005781B5 /* ViewController */ = {
			isa = PBXGroup;
			children = (
				94D563741F85B99A00C2C72D /* ViewController.swift */,
				94F68C66217D34F2005781B5 /* ViewController+FileDownload.swift */,
				94F68C68217D356A005781B5 /* ViewController+WKDelegates.swift */,
			);
			path = ViewController;
			sourceTree = "<group>";
		};
		94F9FF701FD8B2B10032B193 /* Frameworks */ = {
			isa = PBXGroup;
			children = (
				94F9FF711FD8B2B10032B193 /* HealthKit.framework */,
			);
			name = Frameworks;
			sourceTree = "<group>";
		};
/* End PBXGroup section */

/* Begin PBXNativeTarget section */
		94D5636E1F85B99900C2C72D /* GoPivot */ = {
			isa = PBXNativeTarget;
			buildConfigurationList = 94D563811F85B99A00C2C72D /* Build configuration list for PBXNativeTarget "GoPivot" */;
			buildPhases = (
				94D5636B1F85B99900C2C72D /* Sources */,
				94D5636C1F85B99900C2C72D /* Frameworks */,
				94D5636D1F85B99900C2C72D /* Resources */,
				94690357200D3A2D00F4015B /* ShellScript */,
			);
			buildRules = (
			);
			dependencies = (
			);
			name = GoPivot;
			productName = "Piviot App";
			productReference = 94D5636F1F85B99900C2C72D /* GoPivot.app */;
			productType = "com.apple.product-type.application";
		};
/* End PBXNativeTarget section */

/* Begin PBXProject section */
		94D563671F85B99900C2C72D /* Project object */ = {
			isa = PBXProject;
			attributes = {
				LastSwiftUpdateCheck = 0900;
				LastUpgradeCheck = 0930;
				ORGANIZATIONNAME = "Schu Studios, LLC.";
				TargetAttributes = {
					94D5636E1F85B99900C2C72D = {
						CreatedOnToolsVersion = 9.0;
						LastSwiftMigration = 1000;
						ProvisioningStyle = Automatic;
						SystemCapabilities = {
							com.apple.BackgroundModes = {
								enabled = 1;
							};
							com.apple.HealthKit = {
								enabled = 1;
							};
							com.apple.Push = {
								enabled = 1;
							};
							com.apple.SafariKeychain = {
								enabled = 1;
							};
						};
					};
				};
			};
			buildConfigurationList = 94D5636A1F85B99900C2C72D /* Build configuration list for PBXProject "Pivot App" */;
			compatibilityVersion = "Xcode 8.0";
			developmentRegion = en;
			hasScannedForEncodings = 0;
			knownRegions = (
				en,
				Base,
			);
			mainGroup = 94D563661F85B99900C2C72D;
			productRefGroup = 94D563701F85B99900C2C72D /* Products */;
			projectDirPath = "";
			projectRoot = "";
			targets = (
				94D5636E1F85B99900C2C72D /* GoPivot */,
			);
		};
/* End PBXProject section */

/* Begin PBXResourcesBuildPhase section */
		94D5636D1F85B99900C2C72D /* Resources */ = {
			isa = PBXResourcesBuildPhase;
			buildActionMask = 2147483647;
			files = (
				94D5637D1F85B99A00C2C72D /* LaunchScreen.storyboard in Resources */,
				94DCE1401F942B27007B76CD /* HockeySDKResources.bundle in Resources */,
				94D5637A1F85B99A00C2C72D /* Assets.xcassets in Resources */,
				94D563781F85B99A00C2C72D /* Main.storyboard in Resources */,
			);
			runOnlyForDeploymentPostprocessing = 0;
		};
/* End PBXResourcesBuildPhase section */

/* Begin PBXShellScriptBuildPhase section */
		94690357200D3A2D00F4015B /* ShellScript */ = {
			isa = PBXShellScriptBuildPhase;
			buildActionMask = 2147483647;
			files = (
			);
			inputPaths = (
			);
			outputPaths = (
			);
			runOnlyForDeploymentPostprocessing = 0;
			shellPath = /bin/sh;
			shellScript = "SRC_DIR=\"${PROJECT_DIR}/Pivot App/res\"\nif [ \"${PRODUCT_BUNDLE_IDENTIFIER}\" != \"com.gbehavior.pivot-app\" ]; then\n    cp -rf \"${SRC_DIR}/Settings.bundle\" \"${BUILT_PRODUCTS_DIR}/${PRODUCT_NAME}.app/Settings.bundle\"\n    echo \"Copying settings bundle to: ${BUILT_PRODUCTS_DIR}/${PRODUCT_NAME}.app/Settings.bundle\"\nfi\n";
		};
/* End PBXShellScriptBuildPhase section */

/* Begin PBXSourcesBuildPhase section */
		94D5636B1F85B99900C2C72D /* Sources */ = {
			isa = PBXSourcesBuildPhase;
			buildActionMask = 2147483647;
			files = (
				943B94FC201785EC00C3722A /* DeepLinkService.swift in Sources */,
				9408C9CD22062423005901C8 /* CategoryData.swift in Sources */,
				94F68C69217D356A005781B5 /* ViewController+WKDelegates.swift in Sources */,
				946B9B901FE247FC00296DC7 /* Util.swift in Sources */,
				9432D14E1FD1E3FE00A2B98A /* ScriptMessage.swift in Sources */,
				943677551F96D58F00840058 /* SettingsService.swift in Sources */,
				94303D6721E6CEC700041ABF /* HealthKitTokens.swift in Sources */,
				9408C9CF22062443005901C8 /* SampleData.swift in Sources */,
				94F9FF7A1FD8D3820032B193 /* NotificationService.swift in Sources */,
				946B9B8E1FE245CF00296DC7 /* PivotAPI+RequestData.swift in Sources */,
				94F68C67217D34F2005781B5 /* ViewController+FileDownload.swift in Sources */,
				949015A0219A79F500B80E99 /* HealthKitRequest.swift in Sources */,
				941CB0EB2194815F002CD157 /* Logger.swift in Sources */,
				94303D7221F0201200041ABF /* HealthKitItem.swift in Sources */,
				9408C9CB220623F7005901C8 /* HealthKitData.swift in Sources */,
				941CB0EF219A6F62002CD157 /* HealthKitFetchAllContainer.swift in Sources */,
				94303D6F21EC0D2300041ABF /* HealthKitRefreshTokenResponse.swift in Sources */,
				94D563751F85B99A00C2C72D /* ViewController.swift in Sources */,
				9408C9D322066EB4005901C8 /* HealthKitWorkouts.swift in Sources */,
				94303D6921E6EDFE00041ABF /* HealthKitUploadOperation.swift in Sources */,
				94DCE1441F942C23007B76CD /* ApplicationService.swift in Sources */,
				94DCE1461F942C5F007B76CD /* HockeyAppService.swift in Sources */,
				946B9B8A1FE2408000296DC7 /* PivotAPI.swift in Sources */,
				941CB0ED219778E8002CD157 /* HealthKitAnchor.swift in Sources */,
				94D563731F85B99900C2C72D /* AppDelegate.swift in Sources */,
				946B9B8C1FE2424800296DC7 /* PivotAPIError.swift in Sources */,
				9408C9D12206248B005901C8 /* WorkoutData.swift in Sources */,
				94FDC6992011AA460050CA6B /* Constants.swift in Sources */,
				9495DBB620260EFD00951BF9 /* HealthKitService.swift in Sources */,
			);
			runOnlyForDeploymentPostprocessing = 0;
		};
/* End PBXSourcesBuildPhase section */

/* Begin PBXVariantGroup section */
		94D563761F85B99A00C2C72D /* Main.storyboard */ = {
			isa = PBXVariantGroup;
			children = (
				94D563771F85B99A00C2C72D /* Base */,
			);
			name = Main.storyboard;
			sourceTree = "<group>";
		};
		94D5637B1F85B99A00C2C72D /* LaunchScreen.storyboard */ = {
			isa = PBXVariantGroup;
			children = (
				94D5637C1F85B99A00C2C72D /* Base */,
			);
			name = LaunchScreen.storyboard;
			sourceTree = "<group>";
		};
/* End PBXVariantGroup section */

/* Begin XCBuildConfiguration section */
		9426658A211DBF68008A310F /* UAT2 */ = {
			isa = XCBuildConfiguration;
			buildSettings = {
				ALWAYS_SEARCH_USER_PATHS = NO;
				ASSETCATALOG_COMPILER_APPICON_NAME = "AppIcon${BUNDLE_ID_SUFFIX}";
				BUNDLE_ID_BASE = "com.gbehavior.pivot-app";
				BUNDLE_ID_SUFFIX = .uat;
				CLANG_ANALYZER_NONNULL = YES;
				CLANG_ANALYZER_NUMBER_OBJECT_CONVERSION = YES_AGGRESSIVE;
				CLANG_CXX_LANGUAGE_STANDARD = "gnu++14";
				CLANG_CXX_LIBRARY = "libc++";
				CLANG_ENABLE_MODULES = YES;
				CLANG_ENABLE_OBJC_ARC = YES;
				CLANG_WARN_BLOCK_CAPTURE_AUTORELEASING = YES;
				CLANG_WARN_BOOL_CONVERSION = YES;
				CLANG_WARN_COMMA = YES;
				CLANG_WARN_CONSTANT_CONVERSION = YES;
				CLANG_WARN_DEPRECATED_OBJC_IMPLEMENTATIONS = YES;
				CLANG_WARN_DIRECT_OBJC_ISA_USAGE = YES_ERROR;
				CLANG_WARN_DOCUMENTATION_COMMENTS = YES;
				CLANG_WARN_EMPTY_BODY = YES;
				CLANG_WARN_ENUM_CONVERSION = YES;
				CLANG_WARN_INFINITE_RECURSION = YES;
				CLANG_WARN_INT_CONVERSION = YES;
				CLANG_WARN_NON_LITERAL_NULL_CONVERSION = YES;
				CLANG_WARN_OBJC_IMPLICIT_RETAIN_SELF = YES;
				CLANG_WARN_OBJC_LITERAL_CONVERSION = YES;
				CLANG_WARN_OBJC_ROOT_CLASS = YES_ERROR;
				CLANG_WARN_RANGE_LOOP_ANALYSIS = YES;
				CLANG_WARN_STRICT_PROTOTYPES = YES;
				CLANG_WARN_SUSPICIOUS_MOVE = YES;
				CLANG_WARN_UNGUARDED_AVAILABILITY = YES_AGGRESSIVE;
				CLANG_WARN_UNREACHABLE_CODE = YES;
				CLANG_WARN__DUPLICATE_METHOD_MATCH = YES;
				CODE_SIGN_IDENTITY = "iPhone Developer";
				COPY_PHASE_STRIP = NO;
				DEBUG_INFORMATION_FORMAT = "dwarf-with-dsym";
				ENABLE_NS_ASSERTIONS = NO;
				ENABLE_STRICT_OBJC_MSGSEND = YES;
				GCC_C_LANGUAGE_STANDARD = gnu11;
				GCC_NO_COMMON_BLOCKS = YES;
				GCC_WARN_64_TO_32_BIT_CONVERSION = YES;
				GCC_WARN_ABOUT_RETURN_TYPE = YES_ERROR;
				GCC_WARN_UNDECLARED_SELECTOR = YES;
				GCC_WARN_UNINITIALIZED_AUTOS = YES_AGGRESSIVE;
				GCC_WARN_UNUSED_FUNCTION = YES;
				GCC_WARN_UNUSED_VARIABLE = YES;
				INFOPLIST_FILE = "Pivot App/res/Info${BUNDLE_ID_SUFFIX}.plist";
				IPHONEOS_DEPLOYMENT_TARGET = 10.0;
				MTL_ENABLE_DEBUG_INFO = NO;
				PRODUCT_BUNDLE_IDENTIFIER = "${BUNDLE_ID_BASE}${BUNDLE_ID_SUFFIX}";
				SDKROOT = iphoneos;
				SWIFT_OPTIMIZATION_LEVEL = "-Owholemodule";
				VALIDATE_PRODUCT = YES;
			};
			name = UAT2;
		};
		9426658B211DBF68008A310F /* UAT2 */ = {
			isa = XCBuildConfiguration;
			buildSettings = {
				BUNDLE_BUILD_NUMBER = 30;
				BUNDLE_ID_SUFFIX = .uat2;
				BUNDLE_VERSION = 1.1.1;
				CODE_SIGN_ENTITLEMENTS = Pivot.entitlements;
				CODE_SIGN_STYLE = Automatic;
				DEVELOPMENT_TEAM = T85Z44958S;
				FRAMEWORK_SEARCH_PATHS = (
					"$(inherited)",
					"$(PROJECT_DIR)/lib",
				);
				LD_RUNPATH_SEARCH_PATHS = "$(inherited) @executable_path/Frameworks";
				PRODUCT_NAME = "${TARGET_NAME}";
				SWIFT_ACTIVE_COMPILATION_CONDITIONS = NO_ANCHOR;
				SWIFT_VERSION = 4.2;
				TARGETED_DEVICE_FAMILY = 1;
			};
			name = UAT2;
		};
		943677361F96CA8400840058 /* QA */ = {
			isa = XCBuildConfiguration;
			buildSettings = {
				ALWAYS_SEARCH_USER_PATHS = NO;
				ASSETCATALOG_COMPILER_APPICON_NAME = "AppIcon${BUNDLE_ID_SUFFIX}";
				BUNDLE_ID_BASE = "com.gbehavior.pivot-app";
				BUNDLE_ID_SUFFIX = .qa;
				CLANG_ANALYZER_NONNULL = YES;
				CLANG_ANALYZER_NUMBER_OBJECT_CONVERSION = YES_AGGRESSIVE;
				CLANG_CXX_LANGUAGE_STANDARD = "gnu++14";
				CLANG_CXX_LIBRARY = "libc++";
				CLANG_ENABLE_MODULES = YES;
				CLANG_ENABLE_OBJC_ARC = YES;
				CLANG_WARN_BLOCK_CAPTURE_AUTORELEASING = YES;
				CLANG_WARN_BOOL_CONVERSION = YES;
				CLANG_WARN_COMMA = YES;
				CLANG_WARN_CONSTANT_CONVERSION = YES;
				CLANG_WARN_DEPRECATED_OBJC_IMPLEMENTATIONS = YES;
				CLANG_WARN_DIRECT_OBJC_ISA_USAGE = YES_ERROR;
				CLANG_WARN_DOCUMENTATION_COMMENTS = YES;
				CLANG_WARN_EMPTY_BODY = YES;
				CLANG_WARN_ENUM_CONVERSION = YES;
				CLANG_WARN_INFINITE_RECURSION = YES;
				CLANG_WARN_INT_CONVERSION = YES;
				CLANG_WARN_NON_LITERAL_NULL_CONVERSION = YES;
				CLANG_WARN_OBJC_IMPLICIT_RETAIN_SELF = YES;
				CLANG_WARN_OBJC_LITERAL_CONVERSION = YES;
				CLANG_WARN_OBJC_ROOT_CLASS = YES_ERROR;
				CLANG_WARN_RANGE_LOOP_ANALYSIS = YES;
				CLANG_WARN_STRICT_PROTOTYPES = YES;
				CLANG_WARN_SUSPICIOUS_MOVE = YES;
				CLANG_WARN_UNGUARDED_AVAILABILITY = YES_AGGRESSIVE;
				CLANG_WARN_UNREACHABLE_CODE = YES;
				CLANG_WARN__DUPLICATE_METHOD_MATCH = YES;
				CODE_SIGN_IDENTITY = "iPhone Developer";
				COPY_PHASE_STRIP = NO;
				DEBUG_INFORMATION_FORMAT = "dwarf-with-dsym";
				ENABLE_NS_ASSERTIONS = NO;
				ENABLE_STRICT_OBJC_MSGSEND = YES;
				GCC_C_LANGUAGE_STANDARD = gnu11;
				GCC_NO_COMMON_BLOCKS = YES;
				GCC_WARN_64_TO_32_BIT_CONVERSION = YES;
				GCC_WARN_ABOUT_RETURN_TYPE = YES_ERROR;
				GCC_WARN_UNDECLARED_SELECTOR = YES;
				GCC_WARN_UNINITIALIZED_AUTOS = YES_AGGRESSIVE;
				GCC_WARN_UNUSED_FUNCTION = YES;
				GCC_WARN_UNUSED_VARIABLE = YES;
				INFOPLIST_FILE = "Pivot App/res/Info${BUNDLE_ID_SUFFIX}.plist";
				IPHONEOS_DEPLOYMENT_TARGET = 10.0;
				MTL_ENABLE_DEBUG_INFO = NO;
				PRODUCT_BUNDLE_IDENTIFIER = "${BUNDLE_ID_BASE}${BUNDLE_ID_SUFFIX}";
				SDKROOT = iphoneos;
				SWIFT_OPTIMIZATION_LEVEL = "-Owholemodule";
				VALIDATE_PRODUCT = YES;
			};
			name = QA;
		};
		943677371F96CA8400840058 /* QA */ = {
			isa = XCBuildConfiguration;
			buildSettings = {
				BUNDLE_BUILD_NUMBER = 30;
				BUNDLE_VERSION = 1.1.1;
				CODE_SIGN_ENTITLEMENTS = Pivot.entitlements;
				CODE_SIGN_STYLE = Automatic;
				DEVELOPMENT_TEAM = T85Z44958S;
				FRAMEWORK_SEARCH_PATHS = (
					"$(inherited)",
					"$(PROJECT_DIR)/lib",
				);
				LD_RUNPATH_SEARCH_PATHS = "$(inherited) @executable_path/Frameworks";
				PRODUCT_NAME = "${TARGET_NAME}";
				SWIFT_ACTIVE_COMPILATION_CONDITIONS = NO_ANCHOR;
				SWIFT_VERSION = 4.2;
				TARGETED_DEVICE_FAMILY = 1;
			};
			name = QA;
		};
		94D5637F1F85B99A00C2C72D /* Debug */ = {
			isa = XCBuildConfiguration;
			buildSettings = {
				ALWAYS_SEARCH_USER_PATHS = NO;
				ASSETCATALOG_COMPILER_APPICON_NAME = "AppIcon${BUNDLE_ID_SUFFIX}";
				BUNDLE_ID_BASE = "com.gbehavior.pivot-app";
				BUNDLE_ID_SUFFIX = .dev;
				CLANG_ANALYZER_NONNULL = YES;
				CLANG_ANALYZER_NUMBER_OBJECT_CONVERSION = YES_AGGRESSIVE;
				CLANG_CXX_LANGUAGE_STANDARD = "gnu++14";
				CLANG_CXX_LIBRARY = "libc++";
				CLANG_ENABLE_MODULES = YES;
				CLANG_ENABLE_OBJC_ARC = YES;
				CLANG_WARN_BLOCK_CAPTURE_AUTORELEASING = YES;
				CLANG_WARN_BOOL_CONVERSION = YES;
				CLANG_WARN_COMMA = YES;
				CLANG_WARN_CONSTANT_CONVERSION = YES;
				CLANG_WARN_DEPRECATED_OBJC_IMPLEMENTATIONS = YES;
				CLANG_WARN_DIRECT_OBJC_ISA_USAGE = YES_ERROR;
				CLANG_WARN_DOCUMENTATION_COMMENTS = YES;
				CLANG_WARN_EMPTY_BODY = YES;
				CLANG_WARN_ENUM_CONVERSION = YES;
				CLANG_WARN_INFINITE_RECURSION = YES;
				CLANG_WARN_INT_CONVERSION = YES;
				CLANG_WARN_NON_LITERAL_NULL_CONVERSION = YES;
				CLANG_WARN_OBJC_IMPLICIT_RETAIN_SELF = YES;
				CLANG_WARN_OBJC_LITERAL_CONVERSION = YES;
				CLANG_WARN_OBJC_ROOT_CLASS = YES_ERROR;
				CLANG_WARN_RANGE_LOOP_ANALYSIS = YES;
				CLANG_WARN_STRICT_PROTOTYPES = YES;
				CLANG_WARN_SUSPICIOUS_MOVE = YES;
				CLANG_WARN_UNGUARDED_AVAILABILITY = YES_AGGRESSIVE;
				CLANG_WARN_UNREACHABLE_CODE = YES;
				CLANG_WARN__DUPLICATE_METHOD_MATCH = YES;
				CODE_SIGN_IDENTITY = "iPhone Developer";
				COPY_PHASE_STRIP = NO;
				DEBUG_INFORMATION_FORMAT = dwarf;
				ENABLE_STRICT_OBJC_MSGSEND = YES;
				ENABLE_TESTABILITY = YES;
				GCC_C_LANGUAGE_STANDARD = gnu11;
				GCC_DYNAMIC_NO_PIC = NO;
				GCC_NO_COMMON_BLOCKS = YES;
				GCC_OPTIMIZATION_LEVEL = 0;
				GCC_PREPROCESSOR_DEFINITIONS = (
					"DEBUG=1",
					"$(inherited)",
				);
				GCC_WARN_64_TO_32_BIT_CONVERSION = YES;
				GCC_WARN_ABOUT_RETURN_TYPE = YES_ERROR;
				GCC_WARN_UNDECLARED_SELECTOR = YES;
				GCC_WARN_UNINITIALIZED_AUTOS = YES_AGGRESSIVE;
				GCC_WARN_UNUSED_FUNCTION = YES;
				GCC_WARN_UNUSED_VARIABLE = YES;
				INFOPLIST_FILE = "Pivot App/res/Info${BUNDLE_ID_SUFFIX}.plist";
				IPHONEOS_DEPLOYMENT_TARGET = 10.0;
				MTL_ENABLE_DEBUG_INFO = YES;
				ONLY_ACTIVE_ARCH = YES;
				PRODUCT_BUNDLE_IDENTIFIER = "${BUNDLE_ID_BASE}${BUNDLE_ID_SUFFIX}";
				SDKROOT = iphoneos;
				SWIFT_ACTIVE_COMPILATION_CONDITIONS = DEBUG;
				SWIFT_OPTIMIZATION_LEVEL = "-Onone";
			};
			name = Debug;
		};
		94D563801F85B99A00C2C72D /* Release */ = {
			isa = XCBuildConfiguration;
			buildSettings = {
				ALWAYS_SEARCH_USER_PATHS = NO;
				ASSETCATALOG_COMPILER_APPICON_NAME = "AppIcon${BUNDLE_ID_SUFFIX}";
				BUNDLE_ID_BASE = "com.gbehavior.pivot-app";
				CLANG_ANALYZER_NONNULL = YES;
				CLANG_ANALYZER_NUMBER_OBJECT_CONVERSION = YES_AGGRESSIVE;
				CLANG_CXX_LANGUAGE_STANDARD = "gnu++14";
				CLANG_CXX_LIBRARY = "libc++";
				CLANG_ENABLE_MODULES = YES;
				CLANG_ENABLE_OBJC_ARC = YES;
				CLANG_WARN_BLOCK_CAPTURE_AUTORELEASING = YES;
				CLANG_WARN_BOOL_CONVERSION = YES;
				CLANG_WARN_COMMA = YES;
				CLANG_WARN_CONSTANT_CONVERSION = YES;
				CLANG_WARN_DEPRECATED_OBJC_IMPLEMENTATIONS = YES;
				CLANG_WARN_DIRECT_OBJC_ISA_USAGE = YES_ERROR;
				CLANG_WARN_DOCUMENTATION_COMMENTS = YES;
				CLANG_WARN_EMPTY_BODY = YES;
				CLANG_WARN_ENUM_CONVERSION = YES;
				CLANG_WARN_INFINITE_RECURSION = YES;
				CLANG_WARN_INT_CONVERSION = YES;
				CLANG_WARN_NON_LITERAL_NULL_CONVERSION = YES;
				CLANG_WARN_OBJC_IMPLICIT_RETAIN_SELF = YES;
				CLANG_WARN_OBJC_LITERAL_CONVERSION = YES;
				CLANG_WARN_OBJC_ROOT_CLASS = YES_ERROR;
				CLANG_WARN_RANGE_LOOP_ANALYSIS = YES;
				CLANG_WARN_STRICT_PROTOTYPES = YES;
				CLANG_WARN_SUSPICIOUS_MOVE = YES;
				CLANG_WARN_UNGUARDED_AVAILABILITY = YES_AGGRESSIVE;
				CLANG_WARN_UNREACHABLE_CODE = YES;
				CLANG_WARN__DUPLICATE_METHOD_MATCH = YES;
				CODE_SIGN_IDENTITY = "iPhone Developer";
				COPY_PHASE_STRIP = NO;
				DEBUG_INFORMATION_FORMAT = "dwarf-with-dsym";
				ENABLE_NS_ASSERTIONS = NO;
				ENABLE_STRICT_OBJC_MSGSEND = YES;
				GCC_C_LANGUAGE_STANDARD = gnu11;
				GCC_NO_COMMON_BLOCKS = YES;
				GCC_WARN_64_TO_32_BIT_CONVERSION = YES;
				GCC_WARN_ABOUT_RETURN_TYPE = YES_ERROR;
				GCC_WARN_UNDECLARED_SELECTOR = YES;
				GCC_WARN_UNINITIALIZED_AUTOS = YES_AGGRESSIVE;
				GCC_WARN_UNUSED_FUNCTION = YES;
				GCC_WARN_UNUSED_VARIABLE = YES;
				INFOPLIST_FILE = "Pivot App/res/Info${BUNDLE_ID_SUFFIX}.plist";
				IPHONEOS_DEPLOYMENT_TARGET = 10.0;
				MTL_ENABLE_DEBUG_INFO = NO;
				PRODUCT_BUNDLE_IDENTIFIER = "${BUNDLE_ID_BASE}${BUNDLE_ID_SUFFIX}";
				SDKROOT = iphoneos;
				SWIFT_OPTIMIZATION_LEVEL = "-Owholemodule";
				VALIDATE_PRODUCT = YES;
			};
			name = Release;
		};
		94D563821F85B99A00C2C72D /* Debug */ = {
			isa = XCBuildConfiguration;
			buildSettings = {
				BUNDLE_BUILD_NUMBER = 30;
				BUNDLE_VERSION = 1.1.1;
				CODE_SIGN_ENTITLEMENTS = Pivot.entitlements;
				CODE_SIGN_STYLE = Automatic;
				DEVELOPMENT_TEAM = T85Z44958S;
				FRAMEWORK_SEARCH_PATHS = (
					"$(inherited)",
					"$(PROJECT_DIR)/lib",
				);
				LD_RUNPATH_SEARCH_PATHS = "$(inherited) @executable_path/Frameworks";
				PRODUCT_NAME = "${TARGET_NAME}";
				SWIFT_ACTIVE_COMPILATION_CONDITIONS = "DEBUG NO_ANCHOR";
				SWIFT_VERSION = 4.2;
				TARGETED_DEVICE_FAMILY = 1;
			};
			name = Debug;
		};
		94D563831F85B99A00C2C72D /* Release */ = {
			isa = XCBuildConfiguration;
			buildSettings = {
				BUNDLE_BUILD_NUMBER = 30;
				BUNDLE_VERSION = 1.1.1;
				CODE_SIGN_ENTITLEMENTS = Pivot.entitlements;
				CODE_SIGN_STYLE = Automatic;
				DEVELOPMENT_TEAM = T85Z44958S;
				FRAMEWORK_SEARCH_PATHS = (
					"$(inherited)",
					"$(PROJECT_DIR)/lib",
				);
				LD_RUNPATH_SEARCH_PATHS = "$(inherited) @executable_path/Frameworks";
				PRODUCT_NAME = "${TARGET_NAME}";
				SWIFT_VERSION = 4.2;
				TARGETED_DEVICE_FAMILY = 1;
			};
			name = Release;
		};
		94F9FF751FD8CD840032B193 /* UAT */ = {
			isa = XCBuildConfiguration;
			buildSettings = {
				ALWAYS_SEARCH_USER_PATHS = NO;
				ASSETCATALOG_COMPILER_APPICON_NAME = "AppIcon${BUNDLE_ID_SUFFIX}";
				BUNDLE_ID_BASE = "com.gbehavior.pivot-app";
				BUNDLE_ID_SUFFIX = .uat;
				CLANG_ANALYZER_NONNULL = YES;
				CLANG_ANALYZER_NUMBER_OBJECT_CONVERSION = YES_AGGRESSIVE;
				CLANG_CXX_LANGUAGE_STANDARD = "gnu++14";
				CLANG_CXX_LIBRARY = "libc++";
				CLANG_ENABLE_MODULES = YES;
				CLANG_ENABLE_OBJC_ARC = YES;
				CLANG_WARN_BLOCK_CAPTURE_AUTORELEASING = YES;
				CLANG_WARN_BOOL_CONVERSION = YES;
				CLANG_WARN_COMMA = YES;
				CLANG_WARN_CONSTANT_CONVERSION = YES;
				CLANG_WARN_DEPRECATED_OBJC_IMPLEMENTATIONS = YES;
				CLANG_WARN_DIRECT_OBJC_ISA_USAGE = YES_ERROR;
				CLANG_WARN_DOCUMENTATION_COMMENTS = YES;
				CLANG_WARN_EMPTY_BODY = YES;
				CLANG_WARN_ENUM_CONVERSION = YES;
				CLANG_WARN_INFINITE_RECURSION = YES;
				CLANG_WARN_INT_CONVERSION = YES;
				CLANG_WARN_NON_LITERAL_NULL_CONVERSION = YES;
				CLANG_WARN_OBJC_IMPLICIT_RETAIN_SELF = YES;
				CLANG_WARN_OBJC_LITERAL_CONVERSION = YES;
				CLANG_WARN_OBJC_ROOT_CLASS = YES_ERROR;
				CLANG_WARN_RANGE_LOOP_ANALYSIS = YES;
				CLANG_WARN_STRICT_PROTOTYPES = YES;
				CLANG_WARN_SUSPICIOUS_MOVE = YES;
				CLANG_WARN_UNGUARDED_AVAILABILITY = YES_AGGRESSIVE;
				CLANG_WARN_UNREACHABLE_CODE = YES;
				CLANG_WARN__DUPLICATE_METHOD_MATCH = YES;
				CODE_SIGN_IDENTITY = "iPhone Developer";
				COPY_PHASE_STRIP = NO;
				DEBUG_INFORMATION_FORMAT = "dwarf-with-dsym";
				ENABLE_NS_ASSERTIONS = NO;
				ENABLE_STRICT_OBJC_MSGSEND = YES;
				GCC_C_LANGUAGE_STANDARD = gnu11;
				GCC_NO_COMMON_BLOCKS = YES;
				GCC_WARN_64_TO_32_BIT_CONVERSION = YES;
				GCC_WARN_ABOUT_RETURN_TYPE = YES_ERROR;
				GCC_WARN_UNDECLARED_SELECTOR = YES;
				GCC_WARN_UNINITIALIZED_AUTOS = YES_AGGRESSIVE;
				GCC_WARN_UNUSED_FUNCTION = YES;
				GCC_WARN_UNUSED_VARIABLE = YES;
				INFOPLIST_FILE = "Pivot App/res/Info${BUNDLE_ID_SUFFIX}.plist";
				IPHONEOS_DEPLOYMENT_TARGET = 10.0;
				MTL_ENABLE_DEBUG_INFO = NO;
				PRODUCT_BUNDLE_IDENTIFIER = "${BUNDLE_ID_BASE}${BUNDLE_ID_SUFFIX}";
				SDKROOT = iphoneos;
				SWIFT_OPTIMIZATION_LEVEL = "-Owholemodule";
				VALIDATE_PRODUCT = YES;
			};
			name = UAT;
		};
		94F9FF761FD8CD840032B193 /* UAT */ = {
			isa = XCBuildConfiguration;
			buildSettings = {
				BUNDLE_BUILD_NUMBER = 30;
				BUNDLE_VERSION = 1.1.1;
				CODE_SIGN_ENTITLEMENTS = Pivot.entitlements;
				CODE_SIGN_STYLE = Automatic;
				DEVELOPMENT_TEAM = T85Z44958S;
				FRAMEWORK_SEARCH_PATHS = (
					"$(inherited)",
					"$(PROJECT_DIR)/lib",
				);
				LD_RUNPATH_SEARCH_PATHS = "$(inherited) @executable_path/Frameworks";
				PRODUCT_NAME = "${TARGET_NAME}";
				SWIFT_ACTIVE_COMPILATION_CONDITIONS = NO_ANCHOR;
				SWIFT_VERSION = 4.2;
				TARGETED_DEVICE_FAMILY = 1;
			};
			name = UAT;
		};
/* End XCBuildConfiguration section */

/* Begin XCConfigurationList section */
		94D5636A1F85B99900C2C72D /* Build configuration list for PBXProject "Pivot App" */ = {
			isa = XCConfigurationList;
			buildConfigurations = (
				94D5637F1F85B99A00C2C72D /* Debug */,
				94D563801F85B99A00C2C72D /* Release */,
				94F9FF751FD8CD840032B193 /* UAT */,
				9426658A211DBF68008A310F /* UAT2 */,
				943677361F96CA8400840058 /* QA */,
			);
			defaultConfigurationIsVisible = 0;
			defaultConfigurationName = Release;
		};
		94D563811F85B99A00C2C72D /* Build configuration list for PBXNativeTarget "GoPivot" */ = {
			isa = XCConfigurationList;
			buildConfigurations = (
				94D563821F85B99A00C2C72D /* Debug */,
				94D563831F85B99A00C2C72D /* Release */,
				94F9FF761FD8CD840032B193 /* UAT */,
				9426658B211DBF68008A310F /* UAT2 */,
				943677371F96CA8400840058 /* QA */,
			);
			defaultConfigurationIsVisible = 0;
			defaultConfigurationName = Release;
		};
/* End XCConfigurationList section */
	};
	rootObject = 94D563671F85B99900C2C72D /* Project object */;
}
